
Microsoft Visual Studio Solution File, Format Version 12.00
# Visual Studio Version 17
VisualStudioVersion = 17.4.33213.308
MinimumVisualStudioVersion = 10.0.40219.1
Project("{9A19103F-16F7-4668-BE54-9A1E7A4F7556}") = "uMind", "PFMariona\uMind.csproj", "{D53B3425-ECC4-4C12-A506-16C5A0DA9B09}"
EndProject
Global
	GlobalSection(SolutionConfigurationPlatforms) = preSolution
		Debug|Any CPU = Debug|Any CPU
		Release|Any CPU = Release|Any CPU
	EndGlobalSection
	GlobalSection(ProjectConfigurationPlatforms) = postSolution
		{D53B3425-ECC4-4C12-A506-16C5A0DA9B09}.Debug|Any CPU.ActiveCfg = Debug|Any CPU
		{D53B3425-ECC4-4C12-A506-16C5A0DA9B09}.Debug|Any CPU.Build.0 = Debug|Any CPU
		{D53B3425-ECC4-4C12-A506-16C5A0DA9B09}.Release|Any CPU.ActiveCfg = Release|Any CPU
		{D53B3425-ECC4-4C12-A506-16C5A0DA9B09}.Release|Any CPU.Build.0 = Release|Any CPU
	EndGlobalSection
	GlobalSection(SolutionProperties) = preSolution
		HideSolutionNode = FALSE
	EndGlobalSection
	GlobalSection(ExtensibilityGlobals) = postSolution
		SolutionGuid = {E4036B7E-0478-46FF-BEB5-7D6EF193F684}
	EndGlobalSection
EndGlobal
